
Microsoft Visual Studio Solution File, Format Version 12.00
# Visual Studio 15
VisualStudioVersion = 15.0.28307.168
MinimumVisualStudioVersion = 10.0.40219.1
Project("{FAE04EC0-301F-11D3-BF4B-00C04F79EFBC}") = "FindSummingNumbers", "FindSummingNumbers\FindSummingNumbers.csproj", "{FF0963E1-5AFE-4A76-8630-0E622862BED3}"
EndProject
Global
	GlobalSection(SolutionConfigurationPlatforms) = preSolution
		Debug|Any CPU = Debug|Any CPU
		Release|Any CPU = Release|Any CPU
	EndGlobalSection
	GlobalSection(ProjectConfigurationPlatforms) = postSolution
		{FF0963E1-5AFE-4A76-8630-0E622862BED3}.Debug|Any CPU.ActiveCfg = Debug|Any CPU
		{FF0963E1-5AFE-4A76-8630-0E622862BED3}.Debug|Any CPU.Build.0 = Debug|Any CPU
		{FF0963E1-5AFE-4A76-8630-0E622862BED3}.Release|Any CPU.ActiveCfg = Release|Any CPU
		{FF0963E1-5AFE-4A76-8630-0E622862BED3}.Release|Any CPU.Build.0 = Release|Any CPU
	EndGlobalSection
	GlobalSection(SolutionProperties) = preSolution
		HideSolutionNode = FALSE
	EndGlobalSection
	GlobalSection(ExtensibilityGlobals) = postSolution
		SolutionGuid = {55D1A067-7C6E-48CC-A4E7-9E479CD7F008}
	EndGlobalSection
EndGlobal
